{
  "name": "strophejs-plugin-mam",
  "version": "0.0.2",
  "lockfileVersion": 1,
  "requires": true,
  "dependencies": {
    "rollup": {
      "version": "0.45.1",
      "resolved": "https://registry.npmjs.org/rollup/-/rollup-0.45.1.tgz",
      "integrity": "sha512-uAARayLMSESiUdpwkcDgUky4TwPBQhvpZmz3UuMtNoyeq79iHEM9IyBTB/5TWEBtzz4D/j2x0KAGMOVq6MhO7g==",
      "dev": true,
      "requires": {
        "source-map-support": "0.4.15"
      }
    },
    "source-map": {
      "version": "0.5.6",
      "resolved": "https://registry.npmjs.org/source-map/-/source-map-0.5.6.tgz",
      "integrity": "sha1-dc449SvwczxafwwRjYEzSiu19BI=",
      "dev": true
    },
    "source-map-support": {
      "version": "0.4.15",
      "resolved": "https://registry.npmjs.org/source-map-support/-/source-map-support-0.4.15.tgz",
      "integrity": "sha1-AyAt9lwG0r2MfsI2KhkwVv7407E=",
      "dev": true,
      "requires": {
        "source-map": "0.5.6"
      }
    }
  }
}
